{
    "_meta": {
        "hash": {
            "sha256": "8cb48cda84f7fae1446d31ef61f0374cef8870b57b6cda7c3a972a389e8658e6"
        },
        "pipfile-spec": 6,
        "requires": {
            "python_version": "3.12"
        },
        "sources": [
            {
                "name": "pypi",
                "url": "https://pypi.org/simple",
                "verify_ssl": true
            }
        ]
    },
    "default": {
        "bcrypt": {
            "hashes": [
                "sha256:041fa0155c9004eb98a232d54da05c0b41d4b8e66b6fc3cb71b4b3f6144ba837",
                "sha256:04e56e3fe8308a88b77e0afd20bec516f74aecf391cdd6e374f15cbed32783d6",
                "sha256:1340411a0894b7d3ef562fb233e4b6ed58add185228650942bdc885362f32c17",
                "sha256:533e7f3bcf2f07caee7ad98124fab7499cb3333ba2274f7a36cf1daee7409d99",
                "sha256:6765386e3ab87f569b276988742039baab087b2cdb01e809d74e74503c2faafe",
                "sha256:687cf30e6681eeda39548a93ce9bfbb300e48b4d445a43db4298d2474d2a1e54",
                "sha256:76132c176a6d9953cdc83c296aeaed65e1a708485fd55abf163e0d9f8f16ce0e",
                "sha256:76d3e352b32f4eeb34703370e370997065d28a561e4a18afe4fef07249cb4396",
                "sha256:807261df60a8b1ccd13e6599c779014a362ae4e795f5c59747f60208daddd96d",
                "sha256:89df2aea2c43be1e1fa066df5f86c8ce822ab70a30e4c210968669565c0f4685",
                "sha256:8ad2f4528cbf0febe80e5a3a57d7a74e6635e41af1ea5675282a33d769fba413",
                "sha256:8c458cd103e6c5d1d85cf600e546a639f234964d0228909d8f8dbeebff82d526",
                "sha256:8dbd0747208912b1e4ce730c6725cb56c07ac734b3629b60d4398f082ea718ad",
                "sha256:909faa1027900f2252a9ca5dfebd25fc0ef1417943824783d1c8418dd7d6df4a",
                "sha256:aaa2e285be097050dba798d537b6efd9b698aa88eef52ec98d23dcd6d7cf6fea",
                "sha256:adadd36274510a01f33e6dc08f5824b97c9580583bd4487c564fc4617b328005",
                "sha256:b1ee315739bc8387aa36ff127afc99120ee452924e0df517a8f3e4c0187a0f5f",
                "sha256:b588af02b89d9fad33e5f98f7838bf590d6d692df7153647724a7f20c186f6bf",
                "sha256:b7703ede632dc945ed1172d6f24e9f30f27b1b1a067f32f68bf169c5f08d0425",
                "sha256:c6f5fa3775966cca251848d4d5393ab016b3afed251163c1436fefdec3b02c84",
                "sha256:cde78d385d5e93ece5479a0a87f73cd6fa26b171c786a884f955e165032b262c",
                "sha256:cfdf3d7530c790432046c40cda41dfee8c83e29482e6a604f8930b9930e94139",
                "sha256:e158009a54c4c8bc91d5e0da80920d048f918c61a581f0a63e4e93bb556d362f",
                "sha256:e84e0e6f8e40a242b11bce56c313edc2be121cec3e0ec2d76fce01f6af33c07c",
                "sha256:f85b1ffa09240c89aa2e1ae9f3b1c687104f7b2b9d2098da4e923f1b7082d331"
            ],
            "markers": "python_version >= '3.7'",
            "version": "==4.2.1"
        },
        "cffi": {
            "hashes": [
                "sha256:045d61c734659cc045141be4bae381a41d89b741f795af1dd018bfb532fd0df8",
                "sha256:0984a4925a435b1da406122d4d7968dd861c1385afe3b45ba82b750f229811e2",
                "sha256:0e2b1fac190ae3ebfe37b979cc1ce69c81f4e4fe5746bb401dca63a9062cdaf1",
                "sha256:0f048dcf80db46f0098ccac01132761580d28e28bc0f78ae0d58048063317e15",
                "sha256:1257bdabf294dceb59f5e70c64a3e2f462c30c7ad68092d01bbbfb1c16b1ba36",
                "sha256:1c39c6016c32bc48dd54561950ebd6836e1670f2ae46128f67cf49e789c52824",
                "sha256:1d599671f396c4723d016dbddb72fe8e0397082b0a77a4fab8028923bec050e8",
                "sha256:28b16024becceed8c6dfbc75629e27788d8a3f9030691a1dbf9821a128b22c36",
                "sha256:2bb1a08b8008b281856e5971307cc386a8e9c5b625ac297e853d36da6efe9c17",
                "sha256:30c5e0cb5ae493c04c8b42916e52ca38079f1b235c2f8ae5f4527b963c401caf",
                "sha256:31000ec67d4221a71bd3f67df918b1f88f676f1c3b535a7eb473255fdc0b83fc",
                "sha256:386c8bf53c502fff58903061338ce4f4950cbdcb23e2902d86c0f722b786bbe3",
                "sha256:3edc8d958eb099c634dace3c7e16560ae474aa3803a5df240542b305d14e14ed",
                "sha256:45398b671ac6d70e67da8e4224a065cec6a93541bb7aebe1b198a61b58c7b702",
                "sha256:46bf43160c1a35f7ec506d254e5c890f3c03648a4dbac12d624e4490a7046cd1",
                "sha256:4ceb10419a9adf4460ea14cfd6bc43d08701f0835e979bf821052f1805850fe8",
                "sha256:51392eae71afec0d0c8fb1a53b204dbb3bcabcb3c9b807eedf3e1e6ccf2de903",
                "sha256:5da5719280082ac6bd9aa7becb3938dc9f9cbd57fac7d2871717b1feb0902ab6",
                "sha256:610faea79c43e44c71e1ec53a554553fa22321b65fae24889706c0a84d4ad86d",
                "sha256:636062ea65bd0195bc012fea9321aca499c0504409f413dc88af450b57ffd03b",
                "sha256:6883e737d7d9e4899a8a695e00ec36bd4e5e4f18fabe0aca0efe0a4b44cdb13e",
                "sha256:6b8b4a92e1c65048ff98cfe1f735ef8f1ceb72e3d5f0c25fdb12087a23da22be",
                "sha256:6f17be4345073b0a7b8ea599688f692ac3ef23ce28e5df79c04de519dbc4912c",
                "sha256:706510fe141c86a69c8ddc029c7910003a17353970cff3b904ff0686a5927683",
                "sha256:72e72408cad3d5419375fc87d289076ee319835bdfa2caad331e377589aebba9",
                "sha256:733e99bc2df47476e3848417c5a4540522f234dfd4ef3ab7fafdf555b082ec0c",
                "sha256:7596d6620d3fa590f677e9ee430df2958d2d6d6de2feeae5b20e82c00b76fbf8",
                "sha256:78122be759c3f8a014ce010908ae03364d00a1f81ab5c7f4a7a5120607ea56e1",
                "sha256:805b4371bf7197c329fcb3ead37e710d1bca9da5d583f5073b799d5c5bd1eee4",
                "sha256:85a950a4ac9c359340d5963966e3e0a94a676bd6245a4b55bc43949eee26a655",
                "sha256:8f2cdc858323644ab277e9bb925ad72ae0e67f69e804f4898c070998d50b1a67",
                "sha256:9755e4345d1ec879e3849e62222a18c7174d65a6a92d5b346b1863912168b595",
                "sha256:98e3969bcff97cae1b2def8ba499ea3d6f31ddfdb7635374834cf89a1a08ecf0",
                "sha256:a08d7e755f8ed21095a310a693525137cfe756ce62d066e53f502a83dc550f65",
                "sha256:a1ed2dd2972641495a3ec98445e09766f077aee98a1c896dcb4ad0d303628e41",
                "sha256:a24ed04c8ffd54b0729c07cee15a81d964e6fee0e3d4d342a27b020d22959dc6",
                "sha256:a45e3c6913c5b87b3ff120dcdc03f6131fa0065027d0ed7ee6190736a74cd401",
                "sha256:a9b15d491f3ad5d692e11f6b71f7857e7835eb677955c00cc0aefcd0669adaf6",
                "sha256:ad9413ccdeda48c5afdae7e4fa2192157e991ff761e7ab8fdd8926f40b160cc3",
                "sha256:b2ab587605f4ba0bf81dc0cb08a41bd1c0a5906bd59243d56bad7668a6fc6c16",
                "sha256:b62ce867176a75d03a665bad002af8e6d54644fad99a3c70905c543130e39d93",
                "sha256:c03e868a0b3bc35839ba98e74211ed2b05d2119be4e8a0f224fba9384f1fe02e",
                "sha256:c59d6e989d07460165cc5ad3c61f9fd8f1b4796eacbd81cee78957842b834af4",
                "sha256:c7eac2ef9b63c79431bc4b25f1cd649d7f061a28808cbc6c47b534bd789ef964",
                "sha256:c9c3d058ebabb74db66e431095118094d06abf53284d9c81f27300d0e0d8bc7c",
                "sha256:ca74b8dbe6e8e8263c0ffd60277de77dcee6c837a3d0881d8c1ead7268c9e576",
                "sha256:caaf0640ef5f5517f49bc275eca1406b0ffa6aa184892812030f04c2abf589a0",
                "sha256:cdf5ce3acdfd1661132f2a9c19cac174758dc2352bfe37d98aa7512c6b7178b3",
                "sha256:d016c76bdd850f3c626af19b0542c9677ba156e4ee4fccfdd7848803533ef662",
                "sha256:d01b12eeeb4427d3110de311e1774046ad344f5b1a7403101878976ecd7a10f3",
                "sha256:d63afe322132c194cf832bfec0dc69a99fb9bb6bbd550f161a49e9e855cc78ff",
                "sha256:da95af8214998d77a98cc14e3a3bd00aa191526343078b530ceb0bd710fb48a5",
                "sha256:dd398dbc6773384a17fe0d3e7eeb8d1a21c2200473ee6806bb5e6a8e62bb73dd",
                "sha256:de2ea4b5833625383e464549fec1bc395c1bdeeb5f25c4a3a82b5a8c756ec22f",
                "sha256:de55b766c7aa2e2a3092c51e0483d700341182f08e67c63630d5b6f200bb28e5",
                "sha256:df8b1c11f177bc2313ec4b2d46baec87a5f3e71fc8b45dab2ee7cae86d9aba14",
                "sha256:e03eab0a8677fa80d646b5ddece1cbeaf556c313dcfac435ba11f107ba117b5d",
                "sha256:e221cf152cff04059d011ee126477f0d9588303eb57e88923578ace7baad17f9",
                "sha256:e31ae45bc2e29f6b2abd0de1cc3b9d5205aa847cafaecb8af1476a609a2f6eb7",
                "sha256:edae79245293e15384b51f88b00613ba9f7198016a5948b5dddf4917d4d26382",
                "sha256:f1e22e8c4419538cb197e4dd60acc919d7696e5ef98ee4da4e01d3f8cfa4cc5a",
                "sha256:f3a2b4222ce6b60e2e8b337bb9596923045681d71e5a082783484d845390938e",
                "sha256:f6a16c31041f09ead72d69f583767292f750d24913dadacf5756b966aacb3f1a",
                "sha256:f75c7ab1f9e4aca5414ed4d8e5c0e303a34f4421f8a0d47a4d019ceff0ab6af4",
                "sha256:f79fc4fc25f1c8698ff97788206bb3c2598949bfe0fef03d299eb1b5356ada99",
                "sha256:f7f5baafcc48261359e14bcd6d9bff6d4b28d9103847c9e136694cb0501aef87",
                "sha256:fc48c783f9c87e60831201f2cce7f3b2e4846bf4d8728eabe54d60700b318a0b"
            ],
            "markers": "python_version >= '3.8'",
            "version": "==1.17.1"
        },
        "cryptography": {
            "hashes": [
                "sha256:00918d859aa4e57db8299607086f793fa7813ae2ff5a4637e318a25ef82730f7",
                "sha256:1e8d181e90a777b63f3f0caa836844a1182f1f265687fac2115fcf245f5fbec3",
                "sha256:1f9a92144fa0c877117e9748c74501bea842f93d21ee00b0cf922846d9d0b183",
                "sha256:21377472ca4ada2906bc313168c9dc7b1d7ca417b63c1c3011d0c74b7de9ae69",
                "sha256:24979e9f2040c953a94bf3c6782e67795a4c260734e5264dceea65c8f4bae64a",
                "sha256:2a46a89ad3e6176223b632056f321bc7de36b9f9b93b2cc1cccf935a3849dc62",
                "sha256:322eb03ecc62784536bc173f1483e76747aafeb69c8728df48537eb431cd1911",
                "sha256:436df4f203482f41aad60ed1813811ac4ab102765ecae7a2bbb1dbb66dcff5a7",
                "sha256:4f422e8c6a28cf8b7f883eb790695d6d45b0c385a2583073f3cec434cc705e1a",
                "sha256:53f23339864b617a3dfc2b0ac8d5c432625c80014c25caac9082314e9de56f41",
                "sha256:5fed5cd6102bb4eb843e3315d2bf25fede494509bddadb81e03a859c1bc17b83",
                "sha256:610a83540765a8d8ce0f351ce42e26e53e1f774a6efb71eb1b41eb01d01c3d12",
                "sha256:6c8acf6f3d1f47acb2248ec3ea261171a671f3d9428e34ad0357148d492c7864",
                "sha256:6f76fdd6fd048576a04c5210d53aa04ca34d2ed63336d4abd306d0cbe298fddf",
                "sha256:72198e2b5925155497a5a3e8c216c7fb3e64c16ccee11f0e7da272fa93b35c4c",
                "sha256:887143b9ff6bad2b7570da75a7fe8bbf5f65276365ac259a5d2d5147a73775f2",
                "sha256:888fcc3fce0c888785a4876ca55f9f43787f4c5c1cc1e2e0da71ad481ff82c5b",
                "sha256:8e6a85a93d0642bd774460a86513c5d9d80b5c002ca9693e63f6e540f1815ed0",
                "sha256:94f99f2b943b354a5b6307d7e8d19f5c423a794462bde2bf310c770ba052b1c4",
                "sha256:9b336599e2cb77b1008cb2ac264b290803ec5e8e89d618a5e978ff5eb6f715d9",
                "sha256:a2d8a7045e1ab9b9f803f0d9531ead85f90c5f2859e653b61497228b18452008",
                "sha256:b8272f257cf1cbd3f2e120f14c68bff2b6bdfcc157fafdee84a1b795efd72862",
                "sha256:bf688f615c29bfe9dfc44312ca470989279f0e94bb9f631f85e3459af8efc009",
                "sha256:d9c5b9f698a83c8bd71e0f4d3f9f839ef244798e5ffe96febfa9714717db7af7",
                "sha256:dd7c7e2d71d908dc0f8d2027e1604102140d84b155e658c20e8ad1304317691f",
                "sha256:df978682c1504fc93b3209de21aeabf2375cb1571d4e61907b3e7a2540e83026",
                "sha256:e403f7f766ded778ecdb790da786b418a9f2394f36e8cc8b796cc056ab05f44f",
                "sha256:eb3889330f2a4a148abead555399ec9a32b13b7c8ba969b72d8e500eb7ef84cd",
                "sha256:f4daefc971c2d1f82f03097dc6f216744a6cd2ac0f04c68fb935ea2ba2a0d420",
                "sha256:f51f5705ab27898afda1aaa430f34ad90dc117421057782022edf0600bec5f14",
                "sha256:fd0ee90072861e276b0ff08bd627abec29e32a53b2be44e41dbcdf87cbee2b00"
            ],
            "markers": "python_version >= '3.7' and python_full_version not in '3.9.0, 3.9.1'",
            "version": "==44.0.1"
        },
        "flexcache": {
            "hashes": [
                "sha256:18743bd5a0621bfe2cf8d519e4c3bfdf57a269c15d1ced3fb4b64e0ff4600656",
                "sha256:d43c9fea82336af6e0115e308d9d33a185390b8346a017564611f1466dcd2e32"
            ],
            "markers": "python_version >= '3.9'",
            "version": "==0.3"
        },
        "flexparser": {
            "hashes": [
                "sha256:266d98905595be2ccc5da964fe0a2c3526fbbffdc45b65b3146d75db992ef6b2",
                "sha256:3738b456192dcb3e15620f324c447721023c0293f6af9955b481e91d00179846"
            ],
            "markers": "python_version >= '3.9'",
            "version": "==0.4"
        },
        "iniconfig": {
            "hashes": [
                "sha256:2d91e135bf72d31a410b17c16da610a82cb55f6b0477d1a902134b24a455b8b3",
                "sha256:b6a85871a79d2e3b22d2d1b94ac2824226a63c6b741c88f7ae975f18b6778374"
            ],
            "markers": "python_version >= '3.7'",
            "version": "==2.0.0"
        },
        "numpy": {
            "hashes": [
                "sha256:0391ea3622f5c51a2e29708877d56e3d276827ac5447d7f45e9bc4ade8923c52",
                "sha256:12c045f43b1d2915eca6b880a7f4a256f59d62df4f044788c8ba67709412128d",
                "sha256:136553f123ee2951bfcfbc264acd34a2fc2f29d7cdf610ce7daf672b6fbaa693",
                "sha256:1402da8e0f435991983d0a9708b779f95a8c98c6b18a171b9f1be09005e64d9d",
                "sha256:16372619ee728ed67a2a606a614f56d3eabc5b86f8b615c79d01957062826ca8",
                "sha256:1ad78ce7f18ce4e7df1b2ea4019b5817a2f6a8a16e34ff2775f646adce0a5027",
                "sha256:1b416af7d0ed3271cad0f0a0d0bee0911ed7eba23e66f8424d9f3dfcdcae1304",
                "sha256:1f45315b2dc58d8a3e7754fe4e38b6fce132dab284a92851e41b2b344f6441c5",
                "sha256:2376e317111daa0a6739e50f7ee2a6353f768489102308b0d98fcf4a04f7f3b5",
                "sha256:23c9f4edbf4c065fddb10a4f6e8b6a244342d95966a48820c614891e5059bb50",
                "sha256:246535e2f7496b7ac85deffe932896a3577be7af8fb7eebe7146444680297e9a",
                "sha256:2e8da03bd561504d9b20e7a12340870dfc206c64ea59b4cfee9fceb95070ee94",
                "sha256:34c1b7e83f94f3b564b35f480f5652a47007dd91f7c839f404d03279cc8dd021",
                "sha256:39261798d208c3095ae4f7bc8eaeb3481ea8c6e03dc48028057d3cbdbdb8937e",
                "sha256:3b787adbf04b0db1967798dba8da1af07e387908ed1553a0d6e74c084d1ceafe",
                "sha256:3c2ec8a0f51d60f1e9c0c5ab116b7fc104b165ada3f6c58abf881cb2eb16044d",
                "sha256:435e7a933b9fda8126130b046975a968cc2d833b505475e588339e09f7672890",
                "sha256:4d8335b5f1b6e2bce120d55fb17064b0262ff29b459e8493d1785c18ae2553b8",
                "sha256:4d9828d25fb246bedd31e04c9e75714a4087211ac348cb39c8c5f99dbb6683fe",
                "sha256:52659ad2534427dffcc36aac76bebdd02b67e3b7a619ac67543bc9bfe6b7cdb1",
                "sha256:5266de33d4c3420973cf9ae3b98b54a2a6d53a559310e3236c4b2b06b9c07d4e",
                "sha256:5521a06a3148686d9269c53b09f7d399a5725c47bbb5b35747e1cb76326b714b",
                "sha256:596140185c7fa113563c67c2e894eabe0daea18cf8e33851738c19f70ce86aeb",
                "sha256:5b732c8beef1d7bc2d9e476dbba20aaff6167bf205ad9aa8d30913859e82884b",
                "sha256:5ebeb7ef54a7be11044c33a17b2624abe4307a75893c001a4800857956b41094",
                "sha256:712a64103d97c404e87d4d7c47fb0c7ff9acccc625ca2002848e0d53288b90ea",
                "sha256:7678556eeb0152cbd1522b684dcd215250885993dd00adb93679ec3c0e6e091c",
                "sha256:77974aba6c1bc26e3c205c2214f0d5b4305bdc719268b93e768ddb17e3fdd636",
                "sha256:783145835458e60fa97afac25d511d00a1eca94d4a8f3ace9fe2043003c678e4",
                "sha256:7bfdb06b395385ea9b91bf55c1adf1b297c9fdb531552845ff1d3ea6e40d5aba",
                "sha256:7c8dde0ca2f77828815fd1aedfdf52e59071a5bae30dac3b4da2a335c672149a",
                "sha256:83807d445817326b4bcdaaaf8e8e9f1753da04341eceec705c001ff342002e5d",
                "sha256:87eed225fd415bbae787f93a457af7f5990b92a334e346f72070bf569b9c9c95",
                "sha256:8fb62fe3d206d72fe1cfe31c4a1106ad2b136fcc1606093aeab314f02930fdf2",
                "sha256:95172a21038c9b423e68be78fd0be6e1b97674cde269b76fe269a5dfa6fadf0b",
                "sha256:9f48ba6f6c13e5e49f3d3efb1b51c8193215c42ac82610a04624906a9270be6f",
                "sha256:a0c03b6be48aaf92525cccf393265e02773be8fd9551a2f9adbe7db1fa2b60f1",
                "sha256:a5ae282abe60a2db0fd407072aff4599c279bcd6e9a2475500fc35b00a57c532",
                "sha256:aee2512827ceb6d7f517c8b85aa5d3923afe8fc7a57d028cffcd522f1c6fd082",
                "sha256:c8b0451d2ec95010d1db8ca733afc41f659f425b7f608af569711097fd6014e2",
                "sha256:c9aa4496fd0e17e3843399f533d62857cef5900facf93e735ef65aa4bbc90ef0",
                "sha256:cbc6472e01952d3d1b2772b720428f8b90e2deea8344e854df22b0618e9cce71",
                "sha256:cdfe0c22692a30cd830c0755746473ae66c4a8f2e7bd508b35fb3b6a0813d787",
                "sha256:cf802eef1f0134afb81fef94020351be4fe1d6681aadf9c5e862af6602af64ef",
                "sha256:d42f9c36d06440e34226e8bd65ff065ca0963aeecada587b937011efa02cdc9d",
                "sha256:d5b47c440210c5d1d67e1cf434124e0b5c395eee1f5806fdd89b553ed1acd0a3",
                "sha256:d9b4a8148c57ecac25a16b0e11798cbe88edf5237b0df99973687dd866f05e1b",
                "sha256:daf43a3d1ea699402c5a850e5313680ac355b4adc9770cd5cfc2940e7861f1bf",
                "sha256:dbdc15f0c81611925f382dfa97b3bd0bc2c1ce19d4fe50482cb0ddc12ba30020",
                "sha256:deaa09cd492e24fd9b15296844c0ad1b3c976da7907e1c1ed3a0ad21dded6f76",
                "sha256:e37242f5324ffd9f7ba5acf96d774f9276aa62a966c0bad8dae692deebec7716",
                "sha256:ed2cf9ed4e8ebc3b754d398cba12f24359f018b416c380f577bbae112ca52fc9",
                "sha256:f2712c5179f40af9ddc8f6727f2bd910ea0eb50206daea75f58ddd9fa3f715bb",
                "sha256:f4ca91d61a4bf61b0f2228f24bbfa6a9facd5f8af03759fe2a655c50ae2c6610",
                "sha256:f6b3dfc7661f8842babd8ea07e9897fe3d9b69a1d7e5fbb743e4160f9387833b"
            ],
            "markers": "python_version >= '3.10'",
            "version": "==2.2.3"
        },
        "opencv-python": {
            "hashes": [
                "sha256:03d60ccae62304860d232272e4a4fda93c39d595780cb40b161b310244b736a4",
                "sha256:085ad9b77c18853ea66283e98affefe2de8cc4c1f43eda4c100cf9b2721142ec",
                "sha256:1b92ae2c8852208817e6776ba1ea0d6b1e0a1b5431e971a2a0ddd2a8cc398202",
                "sha256:432f67c223f1dc2824f5e73cdfcd9db0efc8710647d4e813012195dc9122a52a",
                "sha256:6b02611523803495003bd87362db3e1d2a0454a6a63025dc6658a9830570aa0d",
                "sha256:810549cb2a4aedaa84ad9a1c92fbfdfc14090e2749cedf2c1589ad8359aa169b",
                "sha256:9d05ef13d23fe97f575153558653e2d6e87103995d54e6a35db3f282fe1f9c66"
            ],
            "markers": "python_version >= '3.6'",
            "version": "==4.11.0.86"
        },
        "packaging": {
            "hashes": [
                "sha256:048fb0e9405036518eaaf48a55953c750c11e1a1b68e0dd1a9d62ed0c092cfc5",
                "sha256:8c491190033a9af7e1d931d0b5dacc2ef47509b34dd0de67ed209b5203fc88c7"
            ],
            "markers": "python_version >= '3.7'",
            "version": "==23.2"
        },
        "paramiko": {
            "hashes": [
                "sha256:43b9a0501fc2b5e70680388d9346cf252cfb7d00b0667c39e80eb43a408b8f61",
                "sha256:b2c665bc45b2b215bd7d7f039901b14b067da00f3a11e6640995fd58f2664822"
            ],
            "markers": "python_version >= '3.6'",
            "version": "==3.5.1"
        },
        "phoenix6": {
            "hashes": [
                "sha256:385f082eb6c9f2c9bfb391906cacb28f869cbf7a8cc165a58fc19d43c26b8132",
                "sha256:9063b135783cbfdd77b7a258f250a11468cefbdcedec7e8d0c702a0b2d4d94e0",
                "sha256:a842c8fb488356672b17e5d57d05b2c97c0cd70b99291b659e6368aa42a4fb1b",
                "sha256:a8a180a402ae0c639400eb0331f62e466466f792399cde42f240802aea8aef00",
                "sha256:e0f671122a3dbc8de3d4bca8da06a9fbec55bc9bb2259f65de6fc43f8a5a5807"
            ],
            "index": "pypi",
            "markers": "python_version >= '3.10' and python_version < '4'",
            "version": "==25.2.2"
        },
        "photonlibpy": {
            "hashes": [
                "sha256:42718ea2341597f5d7740615e29b21aace7e7a8fd9ae5fd8d44c6e82923ef456",
                "sha256:fb03f2517786e141dad8d1a147bb29ee92d66e83a6662d4945a7105cf45cf709"
            ],
            "index": "pypi",
            "version": "==2025.1.1"
        },
        "pint": {
            "hashes": [
                "sha256:35275439b574837a6cd3020a5a4a73645eb125ce4152a73a2f126bf164b91b80",
                "sha256:aa54926c8772159fcf65f82cc0d34de6768c151b32ad1deb0331291c38fe7659"
            ],
            "markers": "python_version >= '3.9'",
            "version": "==0.24.4"
        },
        "platformdirs": {
            "hashes": [
                "sha256:357fb2acbc885b0419afd3ce3ed34564c13c9b95c89360cd9563f73aa5e2b907",
                "sha256:73e575e1408ab8103900836b97580d5307456908a03e92031bab39e4554cc3fb"
            ],
            "markers": "python_version >= '3.8'",
            "version": "==4.3.6"
        },
        "pluggy": {
            "hashes": [
                "sha256:2cffa88e94fdc978c4c574f15f9e59b7f4201d439195c3715ca9e2486f1d0cf1",
                "sha256:44e1ad92c8ca002de6377e165f3e0f1be63266ab4d554740532335b9d75ea669"
            ],
            "markers": "python_version >= '3.8'",
            "version": "==1.5.0"
        },
        "pycparser": {
            "hashes": [
                "sha256:491c8be9c040f5390f5bf44a5b07752bd07f56edf992381b05c701439eec10f6",
                "sha256:c3702b6d3dd8c7abc1afa565d7e63d53a1d0bd86cdc24edd75470f4de499cfcc"
            ],
            "markers": "python_version >= '3.8'",
            "version": "==2.22"
        },
        "pyfrc": {
            "hashes": [
                "sha256:773e474a083e8b1c9abcf462a1e86a3744121c8199f888677df4b50b6f9f979b",
                "sha256:8b417592410dc885b90cb59d2fa08d57d31226bb79f5981e4ae0d866ee6580b7"
            ],
            "markers": "python_version >= '3.9'",
            "version": "==2025.1.0"
        },
        "pynacl": {
            "hashes": [
                "sha256:06b8f6fa7f5de8d5d2f7573fe8c863c051225a27b61e6860fd047b1775807858",
                "sha256:0c84947a22519e013607c9be43706dd42513f9e6ae5d39d3613ca1e142fba44d",
                "sha256:20f42270d27e1b6a29f54032090b972d97f0a1b0948cc52392041ef7831fee93",
                "sha256:401002a4aaa07c9414132aaed7f6836ff98f59277a234704ff66878c2ee4a0d1",
                "sha256:52cb72a79269189d4e0dc537556f4740f7f0a9ec41c1322598799b0bdad4ef92",
                "sha256:61f642bf2378713e2c2e1de73444a3778e5f0a38be6fee0fe532fe30060282ff",
                "sha256:8ac7448f09ab85811607bdd21ec2464495ac8b7c66d146bf545b0f08fb9220ba",
                "sha256:a36d4a9dda1f19ce6e03c9a784a2921a4b726b02e1c736600ca9c22029474394",
                "sha256:a422368fc821589c228f4c49438a368831cb5bbc0eab5ebe1d7fac9dded6567b",
                "sha256:e46dae94e34b085175f8abb3b0aaa7da40767865ac82c928eeb9e57e1ea8a543"
            ],
            "markers": "python_version >= '3.6'",
            "version": "==1.5.0"
        },
        "pynetconsole": {
            "hashes": [
                "sha256:3f6b51e3c943e900578ce92a85104d45784ea522863b025816cc7d580bd00069",
                "sha256:a02a9a6538b63ab63ffb480a0e5c1485aa5f393da6a20f780a6b082c971762d5"
            ],
            "markers": "python_version >= '3.6'",
            "version": "==2.0.4"
        },
        "pyntcore": {
            "hashes": [
                "sha256:1b375609cc0186490a329be6a76f85cf2ebaa70c54fd52c56ce159dfa80fffa5",
                "sha256:3224e9a685ff84132df1d6338e0e702420703256656aa5009a3a1745df05b961",
                "sha256:3245933a3aab7a9d35c77d7a8f008327f079376633f87458a09c8b3725529148",
                "sha256:36e6e65632f98356698282accc75fdee2a914d82b6928bc6fd4a831b08de7030",
                "sha256:463d6c31b598466f856b8a0ba7831e833e6482da882a2f81ea3a294f54a6e5b2",
                "sha256:4dff1b7c4b3e62164b838cabbb2e190e50eddc6d2658e48aa68af3830d2e3efd",
                "sha256:5fc0d4678535c41c41e8b025f72b03f61a7d7b23bad5549860c14cb814e25079",
                "sha256:7060b6ea6fb2f0f74ae195035778d3746f6226034100cc7adb91ce90dad57895",
                "sha256:71dd591d6df9c2506fcfaa054b5d6e4f16f8ce360bf98d91a817fcdca712d47a",
                "sha256:87941b0eb5b9aa23418c30f4e8727ba1452ff24c1609dcc67fc281c6027a0555",
                "sha256:896751379fc9704c9d25f6d3852f22cb26c6f18bce91a098ac1fbeb6d7e9139e",
                "sha256:9303148d79d691cf8f640240b86324489a98205874a645ec0e2ce00e088f79cf",
                "sha256:9c0f23cc84b050896719aeb6c5f839ce5422b7e3ad5e4895433d7ed23aedbfd2",
                "sha256:ae7f497e41765792a8687596635c07abc716f22a3eed7087895c9599e5dbd386",
                "sha256:bc7e4a475163073261143f214f7e39714a1180ad2b60cc72ec16b2456b6e6791",
                "sha256:c85735ec0cf3906e0ae243acfe9597bfdac0cd6a7fcddca8c50527f8cad76ae8",
                "sha256:e5337ba4fb976659452cf58c404ae9dafdc5ba37d40ea6351c087df5a5eaa1dc",
                "sha256:fb16dc2afb42ac2b77e3b315f8d7d3e61fe11c4f0a415e6b04e083397f3b1da4"
            ],
            "markers": "python_version >= '3.8'",
            "version": "==2025.3.1.0"
        },
        "pytest": {
            "hashes": [
                "sha256:50e16d954148559c9a74109af1eaf0c945ba2d8f30f0a3d3335edde19788b6f6",
                "sha256:965370d062bce11e73868e0335abac31b4d3de0e82f4007408d242b4f8610761"
            ],
            "markers": "python_version >= '3.8'",
            "version": "==8.3.4"
        },
        "pytest-reraise": {
            "hashes": [
                "sha256:5ab59bd0e2028be095289e6dfc9e36cc0b56936465278f3223e81bea0f2d1c70",
                "sha256:c22430d33b2cc18905959d7af28978e371113fcc6ef67b5fec95efcd80b88c16"
            ],
            "markers": "python_full_version >= '3.6.1' and python_full_version < '4.0.0'",
            "version": "==2.1.2"
        },
        "rev": {
            "hashes": [
                "sha256:c0b65af812b59fc2ef9fb8530ee045d9fec78c2937ec4de41e53a64e4684cde8"
            ],
            "index": "pypi",
            "version": "==0.1.1"
        },
        "robotpy": {
            "hashes": [
                "sha256:01693b4ee4ab0315a7700f85e6a9ea13ead6b25ef79936dd415733a473218d2f",
                "sha256:13f69d713ad6905572f1d197d0be07b1f18a8f2252771c3e2b05d39d49df27aa"
            ],
            "index": "pypi",
            "markers": "python_version < '3.14' and python_version >= '3.9'",
            "version": "==2025.3.1.0"
        },
        "robotpy-apriltag": {
            "hashes": [
                "sha256:16ee9310ab88b539571fd2ae1a4b4ff846ae365b460f12eebd78d4aeb76e1879",
                "sha256:17ae90a9e80bd5bcf176d5d271ebbc93b3de177bd573f5e5df167d39996ba6ef",
                "sha256:2a6c0d5ecb02f14723e5d0e4e151ecf3148f61ececfe68f92169a68b09a9dcc7",
                "sha256:44551e0ed26d57f26c27977ebf8b5463c38b28a48cc56485c076ba290d7b6d9b",
                "sha256:4930c082a26d8a1cf94c1b4a50984b50cb630aefcc287d834b5a3480906b8956",
                "sha256:4e5752bcdcba3180c855c32d80d9fb79d141504a911c27340127a3ca933c81a6",
                "sha256:4f761d9085239389dde5e9bb7eebb05d42a7b3346829e74a000ca6d6cab74025",
                "sha256:504ab6c36ee4fc14c4e9f2559f60a36de0642422cf0b712f2e073b9d14c0cfd1",
                "sha256:527068bad38910727ea5496c62639f1f092a3a9e649a21f7e06f11a948ed4483",
                "sha256:5498af2e78dbb51dc6ecf5d81a82c61757e51eb542abbdbbe68db3a55eadaeff",
                "sha256:74a1df0dc279e54f944bb21123f1ce28567dfb9ba350a39e35252b261d2c46d4",
                "sha256:9cb4bcb71e4668328a612b0806b0a7618ca1bfe41e6f4409afabb2e98c088052",
                "sha256:ba973a7a17c7e02b4d3ec93ad139a951c74d2d21391b9a1a0af42e940a41d733",
                "sha256:c3ecde202eee5dc3280603d32bba8ded4b8b5cfb2bf1ab4c3cf4c9627589197f",
                "sha256:c64ced6e47ecc0f5b6e0848273868fb5051dac5220837eed8562f31467510ba0",
                "sha256:d9b6f28976d155fe8680e7a205fc89cdfd026d084c8926cbd31d871ffd020a3b",
                "sha256:deaa3aae3f8ee63b08225a2538420a9a3d8a3bb2c4e367fac8b0e6748c77d6b4",
                "sha256:fcebf5644d20444348d12a43e447202ecdb240b6047ee58718aad84629d50be9"
            ],
            "markers": "python_version >= '3.8'",
            "version": "==2025.3.1.0"
        },
        "robotpy-cli": {
            "hashes": [
                "sha256:9284035fa67058b33593b1846e13501eda0861fb9d9adce4bd01b101c9f1f26e",
                "sha256:e6519f06856eb0a7ef5f25a57bfc8dcb20635cef84706fb37c0b602d59e33f39"
            ],
            "markers": "python_version >= '3.8'",
            "version": "==2024.0.0"
        },
        "robotpy-commands-v2": {
            "hashes": [
                "sha256:168aefd4d02ee428ac52ef8014cb62ecf8ab6569934f272b5d81bb4de72789e4",
                "sha256:481b982eac457fa47aab6fe7fe6f515732b3cd97acbcf77f98ce4eb375e947ae"
            ],
            "markers": "python_version >= '3.9'",
            "version": "==2025.1.1"
        },
        "robotpy-cscore": {
            "hashes": [
                "sha256:11cfaacf89468f829d1fa5eb6cc94bd42a6990037e644d00f54b96f3a4fba7a1",
                "sha256:13b29ad77483d7f9b8818f59bce1b5f77da34ce9997bbba699b2fa23bb0b5365",
                "sha256:1c4cf9cf58f0a713d86944141bdc8b752958b511fe8fba2430b19fe27242d57c",
                "sha256:49f6af689f8c2dfc10a50f8e2c39ca3bb947b54fa8e004cf33b21eaeaaa5dac1",
                "sha256:4aae825fca7e485f4ddd6353a4963aebf8057e3e4f1dbb8ab77593fb24a3d747",
                "sha256:8a907d349706f156b039c9ffb7ce043610c5e5fea3801b832100f4cc2e81a73d",
                "sha256:8b0d4e5c7099d8d8b43e7f1981d1589406dce4914dc2ea9ef0fbead27f470751",
                "sha256:9366b70d465f279d6eedff254386f9c5e040d760c512375e1bb5f1eec75c5e12",
                "sha256:9dcba31a3f25de01a2064473be4d7684f2a66d5625a0d5f191b0dd53a52573db",
                "sha256:a4bfb1470c83a9b36e3fa8a37c633383b641cf1b7f1a2434cd9f3c4694d3fc7b",
                "sha256:c5a7043e11222a36d7ac36fe4e5c083fdea3895564246f649e78d5d90154eea6",
                "sha256:c79f2da093bb83259f7a4d80da16cf858d38242e8a90103fcbc09c00c51e9b50",
                "sha256:d53f43006ec80d136cff28dd6050db7bd65119b5e72bb5efdd2669e14bafe30f",
                "sha256:d79058ad04b0544df4759a2ca7dc1dd7fec7ab283b46fe45e4b8d59357f437e8",
                "sha256:d83479b4850dc98096e1e78081cb85cce47aed70b48e67b6ebb38cb8510cb3b1",
                "sha256:d9b4d4eef6a9256e496dc91f7ec2e71c1aa6f32d9fc65e3e0edda62159d750fd",
                "sha256:f5b4ee19ae51a854278409e1e43113b16b4b2e8bc8c9f00ec589561eef7b7f3c",
                "sha256:ffcc98fc80bf065b7c706bde4ad0866e75f35facd8e129e39c2823c7c7ad5531"
            ],
            "markers": "python_version >= '3.8'",
            "version": "==2025.3.1.0"
        },
        "robotpy-hal": {
            "hashes": [
                "sha256:00dab8d49885d2763d8ad2a468414c4da6e9f3b471a8eef9ce0a5c588ae917c5",
                "sha256:08fb665b06e6f11bf25b19d03b045784761290ab762e9eb18cffc8ac5392ac88",
                "sha256:097ab7d6275efc3ebdc93d0814eacdf852ced4c53c07445f4cacf089e1706473",
                "sha256:0b30bf278b4c504e4b562b117829173a5744801431386de00c73874d8498e72f",
                "sha256:1ead6bebac1a3541a4a9f45cadace3906a88e4feae8062e9e79380b00b38e021",
                "sha256:30641514a8b1d271a799923eb23cd2e148278493d310ad110fe287e301301863",
                "sha256:3eeda386579deba8069a8fee927c501c11d3d358071dd9230ffab177b85f38ef",
                "sha256:58701a703533d82a552bc8847b8e40b44e7d9b2ef753c10022e0b305d619bc16",
                "sha256:5faa0c74142ec10be09d4362129ea51422f20406cd4fe6f46e03c907276de0c0",
                "sha256:61346554e2240d1d6c98edec6f437a523c50089524737e2973541fb5fac6428e",
                "sha256:9ab7d5612e88864d4712087f9ee724e3b1c5cd4ad9fdcc0e8d176248dd30be0a",
                "sha256:b66c0f9be96226afb896413533d818cf807b27e5c7752d0b67a66fa943271d84",
                "sha256:b73c031c6d137b4a348a2d23daea5dbbce1be869d171c6ac11a539adc797425a",
                "sha256:c9845532816fef7ee9c40c4162ebcdcf8abf555a924d3e44fd7cc75dd98f3cee",
                "sha256:df52b336cd22b76fa3c2f3e866a78659ee7f3c71fc4914d69492bd4299c0b512",
                "sha256:e011c2658e44e19bda79387b31a8e5d9857c0bde85016dd6a6fa3676aa7b02cb",
                "sha256:e8391bdb87b13458bfa9394c9e5a61f1a09aec4395421bd5210f36959646bad7",
                "sha256:f4cf40501b35bc9b8f7a8b274867f44a88195355fd40f0fac7cb72673e79cc19"
            ],
            "markers": "python_version >= '3.8'",
            "version": "==2025.3.1.0"
        },
        "robotpy-halsim-gui": {
            "hashes": [
                "sha256:00983fb9ba7260376590f83545681a7ae78a879cb7d84027a34bc9ddf7ed32d0",
                "sha256:069c1c51205a12b8aa3e118797e0b5acec2d113eeee240f200b0d424d3f398de",
                "sha256:0a9a88d8d35f80d3754b5fe4b502252d2e693d130f4b3c22cae687a25f32d5b5",
                "sha256:0f6b6856dcb423066bddbd996f095080e38eb57b0269b85fb7ae5bba86ca189f",
                "sha256:239c6a68af9ddd0674e0e425066e08ce756844de863dd1b6fa422e4f22812044",
                "sha256:29824c73461b8eda8172fcac3d3940460b66b509851e4fb24b6825e6416b6894",
                "sha256:36c0f4efa54d8399c470acd17fecab424a9186aca509fcde08e5120af8401121",
                "sha256:4a8220a53f5416edda3bc2294a2b55f2e14a8bf78418bb723a851c60b311ec49",
                "sha256:58f7620f4b4c4f5beb6c768694ad287e85d95f8550275ce9be0c2790fe8fadd2",
                "sha256:8d90750bfc73934c1ed5ac8758400b6efe5a8261cf7d897f95bf6a9e08b9d712",
                "sha256:8d9555040014b7596cb3838bba199e603f5958acffe3bd65ccd17e7e2382f3d3",
                "sha256:8ea9b862ff06454c0b883207cdcfb5a141a3e600498a59353eb01a8798c3b8d9",
                "sha256:951a53d642ff2baf5c9d8f8a4f3233bebe969cd1818633705e4e5674b974316a",
                "sha256:95930929307284fa3d8fa0285ef7c92318015adefdeeeb917eb83070a9341055",
                "sha256:97795e015e6fdda2060786a1b1d7ecfa474d1278d06edafe98941ef23a5efab9",
                "sha256:a719b044c7b05d24b770bb0a4eded84ac915794b76161b7521e4fa699b7b2d9e",
                "sha256:cd9524bb16fedb2489b5d8d59ac609e6ba7d6539021b60b2943c589d757103c8",
                "sha256:cf2a0a0011eede029f8378b2c8116ec2c9d3659ef950e8c4b3c6ca4cba972237"
            ],
            "markers": "python_version >= '3.8'",
            "version": "==2025.3.1.0"
        },
        "robotpy-installer": {
            "hashes": [
                "sha256:6ffcfe7db723445b5dc68947f64c7e467e792592093a88f40aea09da46882c2a",
                "sha256:93e6f3d7b65f734f480878bf87089596973da020403dc53be356509967cf0bf6"
            ],
            "markers": "python_version >= '3.9'",
            "version": "==2025.0.3"
        },
        "robotpy-pathplannerlib": {
            "hashes": [
                "sha256:2a9408f3c984a23cf472600a1cf1f8cd8b7eb3f3ef35ed3a4e6e42ebcd41ee39",
                "sha256:f942be67624abfbf6a549b6eb93ace91e07c3d9267039f6c01ae2ab1b41b3192"
            ],
            "index": "pypi",
            "markers": "python_version >= '3.8'",
            "version": "==2025.2.3"
        },
        "robotpy-rev": {
            "hashes": [
                "sha256:0bbc1277802782cb3b7912e0a731632811c78131bb4dbd9a06b97c678e739c5f",
                "sha256:1a293ac890d1342bd8d5497d69eadd5da4efd50210abecb9fff436d8f65951e0",
                "sha256:213c478000833e6366c30504948ee959197c9dfe4610ff959b36874487c30782",
                "sha256:2a2ecf959e7ef7fca78d70ece1610f41b8df3aa1b07fa9b5fb8f86e1a028610b",
                "sha256:34a1ad9bc326185e8aa24dc6b2b7f1d6ec0b8b8f085602bb7983886055c596bc",
                "sha256:3c8c2886940c711cfde04afab1bf118231d5696deba7a5c30b34bee8eb13e105",
                "sha256:444ebb53b0a21b770d591b8931a46ae5df1c14831f2ed020a008aa17e28c31eb",
                "sha256:64586dcf51ad156737424b1e9e4dc08e3e0c98d15c53c602e121bbfe0ef234e7",
                "sha256:890c01fe3bd5a5fa8ef43d85053c4f2c1fd06615c37c02f3046ac09b4c897b8d",
                "sha256:8dbe9377b931b7a479a29b948e5db451bd2d88029252e0c9a05287390e05c91f",
                "sha256:b5a0b2053f3dedc6de82dbd07b05c3a19c6ef9c8596361757ee477a36ec9015a",
                "sha256:bf7e1306ddfb01006bd054e686fd414707ce8105cb95af42c0da534897fa9aab",
                "sha256:d5841757cfd428af00ced53563df3a0d6e1ad013aeec8aaa8baa5d5512174e90",
                "sha256:e9ca5f5ac3877fd4239faef432a3e31fe49db93c4a2d8f5bd000b7a5c6d912ed",
                "sha256:ed8bccae2286022de27cf7a2a5cb70292842d906cb3ecb51d79fd2803c8a898f"
            ],
            "index": "pypi",
            "markers": "python_version >= '3.8'",
            "version": "==2025.0.2"
        },
        "robotpy-wpilib-utilities": {
            "hashes": [
                "sha256:11959e0b891f8db41f676c1570c93f51c1f703f565e0f223d743058c50824867",
                "sha256:ee66dde6d45321f0fce0dddb9bb8bc3e0f8111e032462d5d46882832baea974a"
            ],
            "markers": "python_version >= '3.9'",
            "version": "==2025.0.0"
        },
        "robotpy-wpimath": {
            "hashes": [
                "sha256:01ca31584bd2b07d7f65a47e3dd517c124585c6225e865753f5e4f7d57f3584e",
                "sha256:15480a861fc3e0f85f2094b0220b4152adb49a0ae46d1bb4c4963f5e5770b855",
                "sha256:1c8fe6bdaf269743fc99205b885587ef010517a8ad1c3f4ca0f1d3e5c4cdf309",
                "sha256:2e4c0dda5a7b29a1b9040803a2a11f091ef194aea66b8ea3323ce92b33b30ad8",
                "sha256:3aea6539cc596ba03f0e85b6b0c33408779d964fcb7d23a757f9f814fcbcda02",
                "sha256:3cd24456e7034cbdfdd2b16ba9e8cc1d07939aa44e4adc832c33cc4cac048e8a",
                "sha256:413c996fc49d0b0c865c9eb24357883c902e817e5c1f592e3b0d10eb55775765",
                "sha256:4c05ece8f0beb9f3850481c6706b6969f6ca80cb3265999cf64409f7da406d19",
                "sha256:5f006e1613d4ccbda8313a90e75fdbb749c847ead6d7022422f1080546116487",
                "sha256:71f084c15ec5c59535c0adcf37c66b17cc21534cb4ca9427183c1282a1aada4c",
                "sha256:86ee5eefafaca2c666bcd926e06f5df887d55c4985cc0fcd76df8d3f0bc817f8",
                "sha256:8c3bcbe583f9498d4699001a840a615330b91ea3cde540c7d627fc54aad548d9",
                "sha256:93a9f8e8ce2b4521d23b88be689b5b88f3e6a309eb267b716f5be428e7e21597",
                "sha256:9d637a2836fb39fd8d45f5415ad2e1d1fa2df31c62ee1b2359a44b06009ab522",
                "sha256:b4dfcbecd0a59050e8a3f4fb16c32bdcf575511b06f312549f1c04fd1b0b857a",
                "sha256:c31af3eb5abb36bdd2b6720f122c49533cdb58f41f3501f3604627941024ba29",
                "sha256:ca4ae875f5ef2144ea92100b5fd51e35b874d3d5bc58df5b35ed29f2044d5b9c",
                "sha256:cfdf2014068e9033e01e1deab1d50a9f2ceb61c671c403babe3243eaaa803578"
            ],
            "markers": "python_version >= '3.8'",
            "version": "==2025.3.1.0"
        },
        "robotpy-wpinet": {
            "hashes": [
                "sha256:15e9a1d5f974682b919ca1f08fa9766e596f54962c25a9b08965b227492001e6",
                "sha256:1cbe21ae878f2d39650784c9ff7c2bd65eb5a2cac72fce7769296748898cbb75",
                "sha256:638792ffda3ee491f26eb4f4e685be4a7c6b0a5dc14304f0e545934ee812fe7f",
                "sha256:689db840e9a5d8ba8552cc4c407e35f35e90a0eea53036abb11236426e441ad6",
                "sha256:6f0a68ce29b8e0735bacc735a67829282effbd471e4fdfaa597a27275eba37bf",
                "sha256:6f275a188054b70f74ccbbe3d33a112a0dc9e74322d95d7cd897e2afe91f8a40",
                "sha256:7dd45da021b18d5490a955ffd8fe66ed87757e8c7c74e46686a6341bef082d33",
                "sha256:7f76d8377761b638a97edd2e8690ac37b056805a8b3d92c3de4bfab1666b0103",
                "sha256:9a5b1d4ee34150866858ab2826ae04e786c7310cb7ae6ed0cac1dfe92e6ebadd",
                "sha256:a54fa5298201260d29b22fc4d715de883fc292ade1660a1d8f8c9d12c9be0faa",
                "sha256:aa77bf51d2cc3869672b6d65e285b9570767db20493255869e07a510fa139d86",
                "sha256:b431cc3e17bd5868f1e015800f3d0c3bbfddcf026d18dd8209a991bf717a8fac",
                "sha256:d1e4bdd5fbea3e2922fd87db26890858e0b976dbf926556f3c3706acbbf44672",
                "sha256:d6b25812ac1dfae9c2eeab97ee0fc31cb8e3e63c2fce2ef26b1852055a2f5678",
                "sha256:e14b71f1c2929af00689d16bdcbd8d9312fc819b1571c17733ecfed2fffd1cd8",
                "sha256:ece7756a2c29f0a9e1f078354a3518362a723515787bad573f076b64bc0e46c0",
                "sha256:ef9a5ab7a5563805eab3fdf7bd4e2d3181bb30677eea0e5885526535ef53810e",
                "sha256:f1f962e77d573857d7eb443e1dac2c554d9e1500d1fff7c0ff67f65f9ce92f7c"
            ],
            "markers": "python_version >= '3.8'",
            "version": "==2025.3.1.0"
        },
        "robotpy-wpiutil": {
            "hashes": [
                "sha256:1624d6f74a3389c3fbc23cd6b6138b4c5a7da76818ab5cdedce015278d49d9ea",
                "sha256:20cf1e8edf49b0616bdd36f0bac0525c766cf1ebaeb5c8c9059d76feb3917cc3",
                "sha256:2220b57d0e801e7223b9ea63b90f2802809089003d9ec1128b96116df98340e8",
                "sha256:271f9ecb99ec22a78b572de6d3df580d08cfd013a1fb14298f622d14866b4695",
                "sha256:280861100190441465abbe2b99b68dd2833726ebab2d1e3f92a979e8d6769732",
                "sha256:29d838c38b32314b428d7a3837945c083c92f183aad882bb426c8a2c4dbc1b46",
                "sha256:3252d2d3bae97e59cf550e39cffad21e5340ab9c58a81a6826b743a3e40a8288",
                "sha256:3832854dde439eb3910dbe7a184f86b45571e7e0e6cc953fcbee6ae1d7abc053",
                "sha256:4ab4841f27db6bda264de7596e1d87c70897ac7dfade3045c80e820c84251d7f",
                "sha256:4eb7636aa8378d191e601614c8aaed91f40c4b4182bde5e5dcd5af2f91c78397",
                "sha256:564d7492f9396881f3a7b051087104f47e74d60ab9dfade427f51a41d43d33d4",
                "sha256:5d544a11397b97c968bf6c1f59bcc88f78f2557624511d3fb6f25754a205ab56",
                "sha256:6cb49c0e3056011e1b1c93fc371888a396214b08cbe5623b5e62fb5aee7f6247",
                "sha256:9bf81bfcaf77418a4fa38f3baf6fd15af0ccf3ed56fdfa182c15c631e998c667",
                "sha256:bf55689f224bf75e48de1fb76674252c14f7952ed841b0b53f4090bc3b5521af",
                "sha256:cbdcc744077d112ad0de1b70c9b1432aeaebd54d04b275b8d357b29ee9eefbca",
                "sha256:d630cb324d021b6e48784dac4cd0b826445f74df0f835350cc56f73795fefa11",
                "sha256:dc5e4241d8a7348d15e728edf1e4b9704ecfd7acb668177d26900548c2cc20e9"
            ],
            "markers": "python_version >= '3.8'",
            "version": "==2025.3.1.0"
        },
        "setuptools": {
            "hashes": [
                "sha256:c5afc8f407c626b8313a86e10311dd3f661c6cd9c09d4bf8c15c0e11f9f2b0e6",
                "sha256:e3982f444617239225d675215d51f6ba05f845d4eec313da4418fdbb56fb27e3"
            ],
            "markers": "python_version >= '3.9'",
            "version": "==75.8.0"
        },
        "tomli": {
            "hashes": [
                "sha256:023aa114dd824ade0100497eb2318602af309e5a55595f76b626d6d9f3b7b0a6",
                "sha256:02abe224de6ae62c19f090f68da4e27b10af2b93213d36cf44e6e1c5abd19fdd",
                "sha256:286f0ca2ffeeb5b9bd4fcc8d6c330534323ec51b2f52da063b11c502da16f30c",
                "sha256:2d0f2fdd22b02c6d81637a3c95f8cd77f995846af7414c5c4b8d0545afa1bc4b",
                "sha256:33580bccab0338d00994d7f16f4c4ec25b776af3ffaac1ed74e0b3fc95e885a8",
                "sha256:400e720fe168c0f8521520190686ef8ef033fb19fc493da09779e592861b78c6",
                "sha256:40741994320b232529c802f8bc86da4e1aa9f413db394617b9a256ae0f9a7f77",
                "sha256:465af0e0875402f1d226519c9904f37254b3045fc5084697cefb9bdde1ff99ff",
                "sha256:4a8f6e44de52d5e6c657c9fe83b562f5f4256d8ebbfe4ff922c495620a7f6cea",
                "sha256:4e340144ad7ae1533cb897d406382b4b6fede8890a03738ff1683af800d54192",
                "sha256:678e4fa69e4575eb77d103de3df8a895e1591b48e740211bd1067378c69e8249",
                "sha256:6972ca9c9cc9f0acaa56a8ca1ff51e7af152a9f87fb64623e31d5c83700080ee",
                "sha256:7fc04e92e1d624a4a63c76474610238576942d6b8950a2d7f908a340494e67e4",
                "sha256:889f80ef92701b9dbb224e49ec87c645ce5df3fa2cc548664eb8a25e03127a98",
                "sha256:8d57ca8095a641b8237d5b079147646153d22552f1c637fd3ba7f4b0b29167a8",
                "sha256:8dd28b3e155b80f4d54beb40a441d366adcfe740969820caf156c019fb5c7ec4",
                "sha256:9316dc65bed1684c9a98ee68759ceaed29d229e985297003e494aa825ebb0281",
                "sha256:a198f10c4d1b1375d7687bc25294306e551bf1abfa4eace6650070a5c1ae2744",
                "sha256:a38aa0308e754b0e3c67e344754dff64999ff9b513e691d0e786265c93583c69",
                "sha256:a92ef1a44547e894e2a17d24e7557a5e85a9e1d0048b0b5e7541f76c5032cb13",
                "sha256:ac065718db92ca818f8d6141b5f66369833d4a80a9d74435a268c52bdfa73140",
                "sha256:b82ebccc8c8a36f2094e969560a1b836758481f3dc360ce9a3277c65f374285e",
                "sha256:c954d2250168d28797dd4e3ac5cf812a406cd5a92674ee4c8f123c889786aa8e",
                "sha256:cb55c73c5f4408779d0cf3eef9f762b9c9f147a77de7b258bef0a5628adc85cc",
                "sha256:cd45e1dc79c835ce60f7404ec8119f2eb06d38b1deba146f07ced3bbc44505ff",
                "sha256:d3f5614314d758649ab2ab3a62d4f2004c825922f9e370b29416484086b264ec",
                "sha256:d920f33822747519673ee656a4b6ac33e382eca9d331c87770faa3eef562aeb2",
                "sha256:db2b95f9de79181805df90bedc5a5ab4c165e6ec3fe99f970d0e302f384ad222",
                "sha256:e59e304978767a54663af13c07b3d1af22ddee3bb2fb0618ca1593e4f593a106",
                "sha256:e85e99945e688e32d5a35c1ff38ed0b3f41f43fad8df0bdf79f72b2ba7bc5272",
                "sha256:ece47d672db52ac607a3d9599a9d48dcb2f2f735c6c2d1f34130085bb12b112a",
                "sha256:f4039b9cbc3048b2416cc57ab3bda989a6fcf9b36cf8937f01a6e731b64f80d7"
            ],
            "markers": "python_version >= '3.8'",
            "version": "==2.2.1"
        },
        "tomlkit": {
            "hashes": [
                "sha256:7a974427f6e119197f670fbbbeae7bef749a6c14e793db934baefc1b5f03efde",
                "sha256:fff5fe59a87295b278abd31bec92c15d9bc4a06885ab12bcea52c71119392e79"
            ],
            "markers": "python_version >= '3.8'",
            "version": "==0.13.2"
        },
        "typing-extensions": {
            "hashes": [
                "sha256:04e5ca0351e0f3f85c6853954072df659d0d13fac324d0072316b67d7794700d",
                "sha256:1a7ead55c7e559dd4dee8856e3a88b41225abfe1ce8df57b7c13915fe121ffb8"
            ],
            "markers": "python_version >= '3.8'",
            "version": "==4.12.2"
        },
        "wpilib": {
            "hashes": [
                "sha256:05abba963cdffe17e1463ca3f2ee3fd3adc842a48458617bf31bb27616558835",
                "sha256:0c08eeeec606d37e2469aaf839c7cc617f49f01ea1c264853cfaf521930895b5",
                "sha256:1e67806a74efa2c995ae5fc6059b8c9ecfe012cc9629cb8032a397e36ef74d87",
                "sha256:26ad9bb53e442b31a4d34b142914e45888b5fcd2bfeb570fb03bdf6b2cbf8694",
                "sha256:2e7a8023ea6c084c6f79a7ee1ec3d00e407be6ae37d9029ab07bb9b1c78111a2",
                "sha256:3678b6910cf7befca5771e5956f32a4a2ad6aa3f9ea170817644404c6b6c8425",
                "sha256:7ef6bef2f54f5d34ab4c6d3975498063b2d132393b1d79e0f17d238baf8cd401",
                "sha256:810cb6cc5fc079589fe4a315195c09d13264c0ba00cb28c5f2368d13ec6d9f31",
                "sha256:838d0ebf5efa4e69d8fe7c19629afc775b7f0e27c4eada94207e8fcfe2f57b61",
                "sha256:83c09c395d8a49e0797c4e04da1d345cc862476778002b1d8c263a559a47c2e8",
                "sha256:a123695bb92dc54a05831abd5a85b3a0e3220b4e2b5d2b3043989855a065b93a",
                "sha256:a236d1f88619bb72a618daae15e23bfdc0f4883642b5c15d9283e6b9eb4dc04f",
                "sha256:b1d7acdb74b10724c420f393beda617bd05541bbef6f0548121a330540bb7da0",
                "sha256:c3d854c392a71127bec2a2bd408a7bb22b0639f02541b9eda4ecba814637abe0",
                "sha256:ca44fa5b14e57742ca9563f676e2cda9d3967a33c97002ff4b3151c99b6e159f",
                "sha256:ceb57f25df42954665a9c0facba52174efb1e729b88491959b82543dca67cc43",
                "sha256:da3526833fd64ac94be26860c66bf5d1acb2eb20a8840e34232792a28dff17b8",
                "sha256:fd143d4164ab295fe6c045b802fbbb79b7803aa28c7e5b2e8bd720cc0e9b122e"
            ],
            "index": "pypi",
            "markers": "python_version >= '3.8'",
            "version": "==2025.3.1.0"
        }
    },
    "develop": {}
}
